Microsoft Visual Studio Solution File, Format Version 12.00
# Visual Studio Version 17
VisualStudioVersion = 17.5.2.0
MinimumVisualStudioVersion = 10.0.40219.1
Project("{FAE04EC0-301F-11D3-BF4B-00C04F79EFBC}") = "C#_codes", "C#_codes.csproj", "{57959349-5F66-218E-702F-3E4DD8449DFA}"
EndProject
Global
	GlobalSection(SolutionConfigurationPlatforms) = preSolution
		Debug|Any CPU = Debug|Any CPU
		Release|Any CPU = Release|Any CPU
	EndGlobalSection
	GlobalSection(ProjectConfigurationPlatforms) = postSolution
		{57959349-5F66-218E-702F-3E4DD8449DFA}.Debug|Any CPU.ActiveCfg = Debug|Any CPU
		{57959349-5F66-218E-702F-3E4DD8449DFA}.Debug|Any CPU.Build.0 = Debug|Any CPU
		{57959349-5F66-218E-702F-3E4DD8449DFA}.Release|Any CPU.ActiveCfg = Release|Any CPU
		{57959349-5F66-218E-702F-3E4DD8449DFA}.Release|Any CPU.Build.0 = Release|Any CPU
	EndGlobalSection
	GlobalSection(SolutionProperties) = preSolution
		HideSolutionNode = FALSE
	EndGlobalSection
	GlobalSection(ExtensibilityGlobals) = postSolution
		SolutionGuid = {DD92B052-A753-4345-A107-C36E86AC8DB3}
	EndGlobalSection
EndGlobal
